
Microsoft Visual Studio Solution File, Format Version 12.00
# Visual Studio Version 17
VisualStudioVersion = 17.13.35931.197 d17.13
MinimumVisualStudioVersion = 10.0.40219.1
Project("{E24C65DC-7377-472B-9ABA-BC803B73C61A}") = "BiteLoop", "BiteLoop\", "{39947171-2868-45D2-9609-EC1BD4000DD9}"
	ProjectSection(ProjectDependencies) = postProject
		{E94F3C2B-A556-4E79-8C7F-BC0BD290B97C} = {E94F3C2B-A556-4E79-8C7F-BC0BD290B97C}
		{100E8755-47D2-4C88-95B1-FECF528BF602} = {100E8755-47D2-4C88-95B1-FECF528BF602}
		{44618762-9001-40DF-813C-40A35B04161E} = {44618762-9001-40DF-813C-40A35B04161E}
		{190B0989-89E3-47E3-A079-0B855FF935FF} = {190B0989-89E3-47E3-A079-0B855FF935FF}
	EndProjectSection
	ProjectSection(WebsiteProperties) = preProject
		TargetFrameworkMoniker = ".NETFramework,Version%3Dv4.6.2"
		ProjectReferences = "{100e8755-47d2-4c88-95b1-fecf528bf602}|BAL.dll;{190B0989-89E3-47E3-A079-0B855FF935FF}|DAL.dll;{E94F3C2B-A556-4E79-8C7F-BC0BD290B97C}|PAL.dll;{44618762-9001-40DF-813C-40A35B04161E}|Utility.dll;{cf08672d-d547-4d33-a71e-2fd32fd28974}|BiteLoop.Common.dll;"
		Debug.AspNetCompiler.VirtualPath = "/localhost_54046"
		Debug.AspNetCompiler.PhysicalPath = "BiteLoop\"
		Debug.AspNetCompiler.TargetPath = "PrecompiledWeb\localhost_54046\"
		Debug.AspNetCompiler.Updateable = "true"
		Debug.AspNetCompiler.ForceOverwrite = "true"
		Debug.AspNetCompiler.FixedNames = "false"
		Debug.AspNetCompiler.Debug = "True"
		Release.AspNetCompiler.VirtualPath = "/localhost_54046"
		Release.AspNetCompiler.PhysicalPath = "BiteLoop\"
		Release.AspNetCompiler.TargetPath = "PrecompiledWeb\localhost_54046\"
		Release.AspNetCompiler.Updateable = "true"
		Release.AspNetCompiler.ForceOverwrite = "true"
		Release.AspNetCompiler.FixedNames = "false"
		Release.AspNetCompiler.Debug = "False"
		VWDPort = "54046"
		SlnRelativePath = "BiteLoop\"
	EndProjectSection
EndProject
Project("{FAE04EC0-301F-11D3-BF4B-00C04F79EFBC}") = "BAL", "BAL\BAL.csproj", "{100E8755-47D2-4C88-95B1-FECF528BF602}"
EndProject
Project("{FAE04EC0-301F-11D3-BF4B-00C04F79EFBC}") = "DAL", "DAL\DAL.csproj", "{190B0989-89E3-47E3-A079-0B855FF935FF}"
EndProject
Project("{FAE04EC0-301F-11D3-BF4B-00C04F79EFBC}") = "PAL", "PAL\PAL.csproj", "{E94F3C2B-A556-4E79-8C7F-BC0BD290B97C}"
EndProject
Project("{FAE04EC0-301F-11D3-BF4B-00C04F79EFBC}") = "Utility", "Utility\Utility.csproj", "{44618762-9001-40DF-813C-40A35B04161E}"
EndProject
Project("{FAE04EC0-301F-11D3-BF4B-00C04F79EFBC}") = "BiteLoop.Common", "BiteLoop.Common\BiteLoop.Common.csproj", "{CF08672D-D547-4D33-A71E-2FD32FD28974}"
EndProject
Global
	GlobalSection(SolutionConfigurationPlatforms) = preSolution
		Debug|Any CPU = Debug|Any CPU
		Release|Any CPU = Release|Any CPU
	EndGlobalSection
	GlobalSection(ProjectConfigurationPlatforms) = postSolution
		{39947171-2868-45D2-9609-EC1BD4000DD9}.Debug|Any CPU.ActiveCfg = Debug|Any CPU
		{39947171-2868-45D2-9609-EC1BD4000DD9}.Debug|Any CPU.Build.0 = Debug|Any CPU
		{39947171-2868-45D2-9609-EC1BD4000DD9}.Release|Any CPU.ActiveCfg = Debug|Any CPU
		{39947171-2868-45D2-9609-EC1BD4000DD9}.Release|Any CPU.Build.0 = Debug|Any CPU
		{100E8755-47D2-4C88-95B1-FECF528BF602}.Debug|Any CPU.ActiveCfg = Debug|Any CPU
		{100E8755-47D2-4C88-95B1-FECF528BF602}.Debug|Any CPU.Build.0 = Debug|Any CPU
		{100E8755-47D2-4C88-95B1-FECF528BF602}.Release|Any CPU.ActiveCfg = Release|Any CPU
		{100E8755-47D2-4C88-95B1-FECF528BF602}.Release|Any CPU.Build.0 = Release|Any CPU
		{190B0989-89E3-47E3-A079-0B855FF935FF}.Debug|Any CPU.ActiveCfg = Debug|Any CPU
		{190B0989-89E3-47E3-A079-0B855FF935FF}.Debug|Any CPU.Build.0 = Debug|Any CPU
		{190B0989-89E3-47E3-A079-0B855FF935FF}.Release|Any CPU.ActiveCfg = Release|Any CPU
		{190B0989-89E3-47E3-A079-0B855FF935FF}.Release|Any CPU.Build.0 = Release|Any CPU
		{E94F3C2B-A556-4E79-8C7F-BC0BD290B97C}.Debug|Any CPU.ActiveCfg = Debug|Any CPU
		{E94F3C2B-A556-4E79-8C7F-BC0BD290B97C}.Debug|Any CPU.Build.0 = Debug|Any CPU
		{E94F3C2B-A556-4E79-8C7F-BC0BD290B97C}.Release|Any CPU.ActiveCfg = Release|Any CPU
		{E94F3C2B-A556-4E79-8C7F-BC0BD290B97C}.Release|Any CPU.Build.0 = Release|Any CPU
		{44618762-9001-40DF-813C-40A35B04161E}.Debug|Any CPU.ActiveCfg = Debug|Any CPU
		{44618762-9001-40DF-813C-40A35B04161E}.Debug|Any CPU.Build.0 = Debug|Any CPU
		{44618762-9001-40DF-813C-40A35B04161E}.Release|Any CPU.ActiveCfg = Release|Any CPU
		{44618762-9001-40DF-813C-40A35B04161E}.Release|Any CPU.Build.0 = Release|Any CPU
		{CF08672D-D547-4D33-A71E-2FD32FD28974}.Debug|Any CPU.ActiveCfg = Debug|Any CPU
		{CF08672D-D547-4D33-A71E-2FD32FD28974}.Debug|Any CPU.Build.0 = Debug|Any CPU
		{CF08672D-D547-4D33-A71E-2FD32FD28974}.Release|Any CPU.ActiveCfg = Release|Any CPU
		{CF08672D-D547-4D33-A71E-2FD32FD28974}.Release|Any CPU.Build.0 = Release|Any CPU
	EndGlobalSection
	GlobalSection(SolutionProperties) = preSolution
		HideSolutionNode = FALSE
	EndGlobalSection
	GlobalSection(ExtensibilityGlobals) = postSolution
		SolutionGuid = {EEEB705F-E95C-4329-B1F8-67DA9D2805C0}
	EndGlobalSection
EndGlobal
